// !$*UTF8*$!
{
	archiveVersion = 1;
	classes = {
	};
	objectVersion = 52;
	objects = {

/* Begin PBXBuildFile section */
		180885B6241908F80032C953 /* Constant.swift in Sources */ = {isa = PBXBuildFile; fileRef = 180885B5241908F80032C953 /* Constant.swift */; };
		189EBB26239ED99C0022A1B0 /* santa.gif in Resources */ = {isa = PBXBuildFile; fileRef = 189EBB25239ED99A0022A1B0 /* santa.gif */; };
		18A4880924588F80006F8AF3 /* FSImageCropView.swift in Sources */ = {isa = PBXBuildFile; fileRef = 18A487FA24588F7F006F8AF3 /* FSImageCropView.swift */; };
		18A4880A24588F80006F8AF3 /* Assets.xcassets in Resources */ = {isa = PBXBuildFile; fileRef = 18A487FB24588F80006F8AF3 /* Assets.xcassets */; };
		18A4880C24588F80006F8AF3 /* UIViewExtensions.swift in Sources */ = {isa = PBXBuildFile; fileRef = 18A487FE24588F80006F8AF3 /* UIViewExtensions.swift */; };
		18A4880D24588F80006F8AF3 /* UIColorExtensions.swift in Sources */ = {isa = PBXBuildFile; fileRef = 18A487FF24588F80006F8AF3 /* UIColorExtensions.swift */; };
		18AA52872381BFDF0013F363 /* source.gif in Resources */ = {isa = PBXBuildFile; fileRef = 18AA52862381BFDE0013F363 /* source.gif */; };
		18AE2C2A235C610E00D169E9 /* ChooseGameTypeViewController.swift in Sources */ = {isa = PBXBuildFile; fileRef = 18AE2C29235C610E00D169E9 /* ChooseGameTypeViewController.swift */; };
		18E1CBF0235B6E7000FFCAF1 /* AppDelegate.swift in Sources */ = {isa = PBXBuildFile; fileRef = 18E1CBEF235B6E7000FFCAF1 /* AppDelegate.swift */; };
		18E1CBFA235B6E7100FFCAF1 /* LaunchScreen.storyboard in Resources */ = {isa = PBXBuildFile; fileRef = 18E1CBF8235B6E7100FFCAF1 /* LaunchScreen.storyboard */; };
		18E1CC07235B6ECD00FFCAF1 /* Rotato.gif in Resources */ = {isa = PBXBuildFile; fileRef = 18E1CC02235B6ECD00FFCAF1 /* Rotato.gif */; };
		18E1CC08235B6ECD00FFCAF1 /* PicCross1.gif in Resources */ = {isa = PBXBuildFile; fileRef = 18E1CC03235B6ECD00FFCAF1 /* PicCross1.gif */; };
		18E1CC0B235B6ECD00FFCAF1 /* Flippo.gif in Resources */ = {isa = PBXBuildFile; fileRef = 18E1CC06235B6ECD00FFCAF1 /* Flippo.gif */; };
		18E1CC13235B6EEA00FFCAF1 /* UINavigationController+Fade.m in Sources */ = {isa = PBXBuildFile; fileRef = 18E1CC12235B6EEA00FFCAF1 /* UINavigationController+Fade.m */; };
		18E1CCEE235B6F4D00FFCAF1 /* FAImageLoader.swift in Sources */ = {isa = PBXBuildFile; fileRef = 18E1CCE7235B6F4D00FFCAF1 /* FAImageLoader.swift */; };
		18E1CCEF235B6F4D00FFCAF1 /* UIImage+Additions.swift in Sources */ = {isa = PBXBuildFile; fileRef = 18E1CCE8235B6F4D00FFCAF1 /* UIImage+Additions.swift */; };
		18E1CCF0235B6F4D00FFCAF1 /* FADetailVC.swift in Sources */ = {isa = PBXBuildFile; fileRef = 18E1CCE9235B6F4D00FFCAF1 /* FADetailVC.swift */; };
		18E1CCF1235B6F4D00FFCAF1 /* FAGridView.xib in Resources */ = {isa = PBXBuildFile; fileRef = 18E1CCEA235B6F4D00FFCAF1 /* FAGridView.xib */; };
		18E1CCF2235B6F4D00FFCAF1 /* FAImageCell.swift in Sources */ = {isa = PBXBuildFile; fileRef = 18E1CCEB235B6F4D00FFCAF1 /* FAImageCell.swift */; };
		18E1CCF3235B6F4D00FFCAF1 /* FAScrollView.swift in Sources */ = {isa = PBXBuildFile; fileRef = 18E1CCEC235B6F4D00FFCAF1 /* FAScrollView.swift */; };
		18E1CCF4235B6F4D00FFCAF1 /* FAImageCropperVC.swift in Sources */ = {isa = PBXBuildFile; fileRef = 18E1CCED235B6F4D00FFCAF1 /* FAImageCropperVC.swift */; };
		18E1CD08235B704E00FFCAF1 /* Level.m in Sources */ = {isa = PBXBuildFile; fileRef = 18E1CCF6235B704D00FFCAF1 /* Level.m */; };
		18E1CD09235B704E00FFCAF1 /* UIView+Extensions.swift in Sources */ = {isa = PBXBuildFile; fileRef = 18E1CCF8235B704D00FFCAF1 /* UIView+Extensions.swift */; };
		18E1CD0A235B704E00FFCAF1 /* CellImage.m in Sources */ = {isa = PBXBuildFile; fileRef = 18E1CCF9235B704D00FFCAF1 /* CellImage.m */; };
		18E1CD0B235B704E00FFCAF1 /* PackTableViewCell.xib in Resources */ = {isa = PBXBuildFile; fileRef = 18E1CCFA235B704D00FFCAF1 /* PackTableViewCell.xib */; };
		18E1CD0C235B704E00FFCAF1 /* SubPackTableViewCell1.xib in Resources */ = {isa = PBXBuildFile; fileRef = 18E1CCFC235B704D00FFCAF1 /* SubPackTableViewCell1.xib */; };
		18E1CD0D235B704E00FFCAF1 /* PuzzleCollectionViewCell.swift in Sources */ = {isa = PBXBuildFile; fileRef = 18E1CCFE235B704D00FFCAF1 /* PuzzleCollectionViewCell.swift */; };
		18E1CD0E235B704E00FFCAF1 /* PuzzleCollectionViewCell.xib in Resources */ = {isa = PBXBuildFile; fileRef = 18E1CCFF235B704D00FFCAF1 /* PuzzleCollectionViewCell.xib */; };
		18E1CD0F235B704E00FFCAF1 /* Theme.m in Sources */ = {isa = PBXBuildFile; fileRef = 18E1CD00235B704D00FFCAF1 /* Theme.m */; };
		18E1CD10235B704E00FFCAF1 /* PackTableViewCell.swift in Sources */ = {isa = PBXBuildFile; fileRef = 18E1CD03235B704D00FFCAF1 /* PackTableViewCell.swift */; };
		18E1CD11235B704E00FFCAF1 /* SubPackTableViewCell.xib in Resources */ = {isa = PBXBuildFile; fileRef = 18E1CD04235B704D00FFCAF1 /* SubPackTableViewCell.xib */; };
		18E1CD12235B704E00FFCAF1 /* CellLabel.m in Sources */ = {isa = PBXBuildFile; fileRef = 18E1CD05235B704D00FFCAF1 /* CellLabel.m */; };
		18E1CD13235B704E00FFCAF1 /* Cell.m in Sources */ = {isa = PBXBuildFile; fileRef = 18E1CD06235B704D00FFCAF1 /* Cell.m */; };
		18E1CD14235B704E00FFCAF1 /* SubPackTableViewCell.swift in Sources */ = {isa = PBXBuildFile; fileRef = 18E1CD07235B704D00FFCAF1 /* SubPackTableViewCell.swift */; };
		18E1CD46235B70C500FFCAF1 /* PicCrossLevelSelectViewController.swift in Sources */ = {isa = PBXBuildFile; fileRef = 18E1CD2B235B70C400FFCAF1 /* PicCrossLevelSelectViewController.swift */; };
		18E1CD4F235B70C500FFCAF1 /* PicCrossStageViewController.swift in Sources */ = {isa = PBXBuildFile; fileRef = 18E1CD35235B70C500FFCAF1 /* PicCrossStageViewController.swift */; };
		18E1CD50235B70C500FFCAF1 /* HomeViewController.swift in Sources */ = {isa = PBXBuildFile; fileRef = 18E1CD36235B70C500FFCAF1 /* HomeViewController.swift */; };
		18E1CD54235B70DC00FFCAF1 /* AudioPlayer.swift in Sources */ = {isa = PBXBuildFile; fileRef = 18E1CD52235B70DC00FFCAF1 /* AudioPlayer.swift */; };
		18E1CD55235B70DC00FFCAF1 /* UIImage+Gif.swift in Sources */ = {isa = PBXBuildFile; fileRef = 18E1CD53235B70DC00FFCAF1 /* UIImage+Gif.swift */; };
		18E1CD63235B70FC00FFCAF1 /* ViewController.m in Sources */ = {isa = PBXBuildFile; fileRef = 18E1CD62235B70FB00FFCAF1 /* ViewController.m */; };
		18E1CD6A235B714100FFCAF1 /* PhotoGame.storyboard in Resources */ = {isa = PBXBuildFile; fileRef = 18E1CD67235B714000FFCAF1 /* PhotoGame.storyboard */; };
		18E1CD6B235B714100FFCAF1 /* Main.storyboard in Resources */ = {isa = PBXBuildFile; fileRef = 18E1CD68235B714000FFCAF1 /* Main.storyboard */; };
		18E1CD6C235B714100FFCAF1 /* NumberGame.storyboard in Resources */ = {isa = PBXBuildFile; fileRef = 18E1CD69235B714000FFCAF1 /* NumberGame.storyboard */; };
		18E1CD72235B715400FFCAF1 /* Cheers.swift in Sources */ = {isa = PBXBuildFile; fileRef = 18E1CD6E235B715400FFCAF1 /* Cheers.swift */; };
		18E1CD73235B715400FFCAF1 /* Config.swift in Sources */ = {isa = PBXBuildFile; fileRef = 18E1CD6F235B715400FFCAF1 /* Config.swift */; };
		18E1CD74235B715400FFCAF1 /* Extensions.swift in Sources */ = {isa = PBXBuildFile; fileRef = 18E1CD70235B715400FFCAF1 /* Extensions.swift */; };
		18E1CD75235B715400FFCAF1 /* ImageGenerator.swift in Sources */ = {isa = PBXBuildFile; fileRef = 18E1CD71235B715400FFCAF1 /* ImageGenerator.swift */; };
		18E1CD79235B73EE00FFCAF1 /* UIView+Glow.m in Sources */ = {isa = PBXBuildFile; fileRef = 18E1CD77235B73EE00FFCAF1 /* UIView+Glow.m */; };
		18E1CD7C235B748700FFCAF1 /* UIImage+Extension.m in Sources */ = {isa = PBXBuildFile; fileRef = 18E1CD7B235B748700FFCAF1 /* UIImage+Extension.m */; };
		18E1CD84235B754400FFCAF1 /* CCLocalMaximum.m in Sources */ = {isa = PBXBuildFile; fileRef = 18E1CD80235B754400FFCAF1 /* CCLocalMaximum.m */; };
		18E1CD85235B754400FFCAF1 /* CCColorCube.m in Sources */ = {isa = PBXBuildFile; fileRef = 18E1CD81235B754400FFCAF1 /* CCColorCube.m */; };
		18E1CDA7235B789C00FFCAF1 /* AZDialogViewController.swift in Sources */ = {isa = PBXBuildFile; fileRef = 18E1CDA6235B789C00FFCAF1 /* AZDialogViewController.swift */; };
		18E1CDB6235B78BE00FFCAF1 /* CHIBasePageControl.swift in Sources */ = {isa = PBXBuildFile; fileRef = 18E1CDAB235B78BE00FFCAF1 /* CHIBasePageControl.swift */; };
		18E1CDB7235B78BE00FFCAF1 /* CHIPageControllable.swift in Sources */ = {isa = PBXBuildFile; fileRef = 18E1CDAC235B78BE00FFCAF1 /* CHIPageControllable.swift */; };
		18E1CDB8235B78BE00FFCAF1 /* CHILayer.swift in Sources */ = {isa = PBXBuildFile; fileRef = 18E1CDAD235B78BE00FFCAF1 /* CHILayer.swift */; };
		18E1CDB9235B78BE00FFCAF1 /* CHIPageControlJalapeno.swift in Sources */ = {isa = PBXBuildFile; fileRef = 18E1CDAE235B78BE00FFCAF1 /* CHIPageControlJalapeno.swift */; };
		18E1CDBA235B78BE00FFCAF1 /* CHIPageControlAleppo.swift in Sources */ = {isa = PBXBuildFile; fileRef = 18E1CDAF235B78BE00FFCAF1 /* CHIPageControlAleppo.swift */; };
		18E1CDBB235B78BE00FFCAF1 /* CHIPageControlJaloro.swift in Sources */ = {isa = PBXBuildFile; fileRef = 18E1CDB0235B78BE00FFCAF1 /* CHIPageControlJaloro.swift */; };
		18E1CDBC235B78BE00FFCAF1 /* CHIPageControlChimayo.swift in Sources */ = {isa = PBXBuildFile; fileRef = 18E1CDB1235B78BE00FFCAF1 /* CHIPageControlChimayo.swift */; };
		18E1CDBD235B78BE00FFCAF1 /* CHIPageControlPuya.swift in Sources */ = {isa = PBXBuildFile; fileRef = 18E1CDB2235B78BE00FFCAF1 /* CHIPageControlPuya.swift */; };
		18E1CDBE235B78BE00FFCAF1 /* CHIPageControlPaprika.swift in Sources */ = {isa = PBXBuildFile; fileRef = 18E1CDB3235B78BE00FFCAF1 /* CHIPageControlPaprika.swift */; };
		18E1CDBF235B78BE00FFCAF1 /* CHIPageControlFresno.swift in Sources */ = {isa = PBXBuildFile; fileRef = 18E1CDB4235B78BE00FFCAF1 /* CHIPageControlFresno.swift */; };
		18E1CDC0235B78BE00FFCAF1 /* CHIPageControlAji.swift in Sources */ = {isa = PBXBuildFile; fileRef = 18E1CDB5235B78BE00FFCAF1 /* CHIPageControlAji.swift */; };
		18E1CDC4235B79A200FFCAF1 /* TTSegmentedControl.swift in Sources */ = {isa = PBXBuildFile; fileRef = 18E1CDC3235B79A100FFCAF1 /* TTSegmentedControl.swift */; };
		18E1CDCC235B803900FFCAF1 /* Assets.xcassets in Resources */ = {isa = PBXBuildFile; fileRef = 18E1CDCB235B803900FFCAF1 /* Assets.xcassets */; };
		18FAE5402388678E00D83C2C /* BoxoB.xcassets in Resources */ = {isa = PBXBuildFile; fileRef = 18FAE53F2388678E00D83C2C /* BoxoB.xcassets */; };
		510F7B0C260CCCB800CD7825 /* PicCross.gif in Resources */ = {isa = PBXBuildFile; fileRef = 510F7B0B260CCCB800CD7825 /* PicCross.gif */; };
		513F0CFF26088B7A00ADD20F /* ElMessiri.ttf in Resources */ = {isa = PBXBuildFile; fileRef = 513F0CFE26088B7A00ADD20F /* ElMessiri.ttf */; };
		513F0D0126088DF500ADD20F /* SuperstarM54-Zq6K.ttf in Resources */ = {isa = PBXBuildFile; fileRef = 513F0D0026088DF500ADD20F /* SuperstarM54-Zq6K.ttf */; };
		519F27362604CBCF00A7B6C8 /* Pods_BoXoB.framework in Frameworks */ = {isa = PBXBuildFile; fileRef = 8610ACD0FCD50D87328CFED8 /* Pods_BoXoB.framework */; };
		51C2DE91260DD3F000AD8F1D /* FacebookCore in Frameworks */ = {isa = PBXBuildFile; productRef = 51C2DE90260DD3F000AD8F1D /* FacebookCore */; };
		51C2DE93260DD3F000AD8F1D /* FacebookShare in Frameworks */ = {isa = PBXBuildFile; productRef = 51C2DE92260DD3F000AD8F1D /* FacebookShare */; };
		51C2DEAD260DD5F300AD8F1D /* BaseViewController.m in Sources */ = {isa = PBXBuildFile; fileRef = 51C2DEAC260DD5F300AD8F1D /* BaseViewController.m */; };
		51C2DEB3260DD6C500AD8F1D /* MBProgressHUD.m in Sources */ = {isa = PBXBuildFile; fileRef = 51C2DEB2260DD6C500AD8F1D /* MBProgressHUD.m */; };
		51C2DEB7260DD76700AD8F1D /* BaseSwiftViewController.swift in Sources */ = {isa = PBXBuildFile; fileRef = 51C2DEB6260DD76600AD8F1D /* BaseSwiftViewController.swift */; };
		51C2DEBD260DD8E900AD8F1D /* NSArray+transpose.m in Sources */ = {isa = PBXBuildFile; fileRef = 51C2DEBB260DD8E900AD8F1D /* NSArray+transpose.m */; };
		51C2DEC1260DD91000AD8F1D /* NSArray+each.m in Sources */ = {isa = PBXBuildFile; fileRef = 51C2DEBF260DD91000AD8F1D /* NSArray+each.m */; };
		51C2DEC5260DD93100AD8F1D /* NSArray+select.m in Sources */ = {isa = PBXBuildFile; fileRef = 51C2DEC3260DD93100AD8F1D /* NSArray+select.m */; };
		51C2DEC9260DD93C00AD8F1D /* NSArray+max.m in Sources */ = {isa = PBXBuildFile; fileRef = 51C2DEC7260DD93C00AD8F1D /* NSArray+max.m */; };
		51C2DECC260DD95900AD8F1D /* YOLO.ph in Resources */ = {isa = PBXBuildFile; fileRef = 51C2DECB260DD95900AD8F1D /* YOLO.ph */; };
		51C2DED4260DDAE900AD8F1D /* YOLO.m in Sources */ = {isa = PBXBuildFile; fileRef = 51C2DED3260DDAE900AD8F1D /* YOLO.m */; };
/* End PBXBuildFile section */

/* Begin PBXFileReference section */
		180885B5241908F80032C953 /* Constant.swift */ = {isa = PBXFileReference; lastKnownFileType = sourcecode.swift; path = Constant.swift; sourceTree = "<group>"; };
		189EBB25239ED99A0022A1B0 /* santa.gif */ = {isa = PBXFileReference; lastKnownFileType = image.gif; path = santa.gif; sourceTree = "<group>"; };
		18A487FA24588F7F006F8AF3 /* FSImageCropView.swift */ = {isa = PBXFileReference; fileEncoding = 4; lastKnownFileType = sourcecode.swift; path = FSImageCropView.swift; sourceTree = "<group>"; };
		18A487FB24588F80006F8AF3 /* Assets.xcassets */ = {isa = PBXFileReference; lastKnownFileType = folder.assetcatalog; path = Assets.xcassets; sourceTree = "<group>"; };
		18A487FE24588F80006F8AF3 /* UIViewExtensions.swift */ = {isa = PBXFileReference; fileEncoding = 4; lastKnownFileType = sourcecode.swift; path = UIViewExtensions.swift; sourceTree = "<group>"; };
		18A487FF24588F80006F8AF3 /* UIColorExtensions.swift */ = {isa = PBXFileReference; fileEncoding = 4; lastKnownFileType = sourcecode.swift; path = UIColorExtensions.swift; sourceTree = "<group>"; };
		18AA52862381BFDE0013F363 /* source.gif */ = {isa = PBXFileReference; lastKnownFileType = image.gif; path = source.gif; sourceTree = "<group>"; };
		18AE2C29235C610E00D169E9 /* ChooseGameTypeViewController.swift */ = {isa = PBXFileReference; lastKnownFileType = sourcecode.swift; path = ChooseGameTypeViewController.swift; sourceTree = "<group>"; };
		18E1CBEC235B6E7000FFCAF1 /* Riddles & Brain Teasers Puzzle.app */ = {isa = PBXFileReference; explicitFileType = wrapper.application; includeInIndex = 0; path = "Riddles & Brain Teasers Puzzle.app"; sourceTree = BUILT_PRODUCTS_DIR; };
		18E1CBEF235B6E7000FFCAF1 /* AppDelegate.swift */ = {isa = PBXFileReference; lastKnownFileType = sourcecode.swift; path = AppDelegate.swift; sourceTree = "<group>"; };
		18E1CBF9235B6E7100FFCAF1 /* Base */ = {isa = PBXFileReference; lastKnownFileType = file.storyboard; name = Base; path = Base.lproj/LaunchScreen.storyboard; sourceTree = "<group>"; };
		18E1CBFB235B6E7100FFCAF1 /* Info.plist */ = {isa = PBXFileReference; lastKnownFileType = text.plist.xml; path = Info.plist; sourceTree = "<group>"; };
		18E1CC02235B6ECD00FFCAF1 /* Rotato.gif */ = {isa = PBXFileReference; lastKnownFileType = image.gif; path = Rotato.gif; sourceTree = "<group>"; };
		18E1CC03235B6ECD00FFCAF1 /* PicCross1.gif */ = {isa = PBXFileReference; lastKnownFileType = image.gif; path = PicCross1.gif; sourceTree = "<group>"; };
		18E1CC06235B6ECD00FFCAF1 /* Flippo.gif */ = {isa = PBXFileReference; lastKnownFileType = image.gif; path = Flippo.gif; sourceTree = "<group>"; };
		18E1CC0C235B6EDD00FFCAF1 /* BoXoB-Bridging-Header.h */ = {isa = PBXFileReference; lastKnownFileType = sourcecode.c.h; path = "BoXoB-Bridging-Header.h"; sourceTree = "<group>"; };
		18E1CC11235B6EEA00FFCAF1 /* UINavigationController+Fade.h */ = {isa = PBXFileReference; fileEncoding = 4; lastKnownFileType = sourcecode.c.h; path = "UINavigationController+Fade.h"; sourceTree = "<group>"; };
		18E1CC12235B6EEA00FFCAF1 /* UINavigationController+Fade.m */ = {isa = PBXFileReference; fileEncoding = 4; lastKnownFileType = sourcecode.c.objc; path = "UINavigationController+Fade.m"; sourceTree = "<group>"; };
		18E1CCE7235B6F4D00FFCAF1 /* FAImageLoader.swift */ = {isa = PBXFileReference; fileEncoding = 4; lastKnownFileType = sourcecode.swift; path = FAImageLoader.swift; sourceTree = "<group>"; };
		18E1CCE8235B6F4D00FFCAF1 /* UIImage+Additions.swift */ = {isa = PBXFileReference; fileEncoding = 4; lastKnownFileType = sourcecode.swift; path = "UIImage+Additions.swift"; sourceTree = "<group>"; };
		18E1CCE9235B6F4D00FFCAF1 /* FADetailVC.swift */ = {isa = PBXFileReference; fileEncoding = 4; lastKnownFileType = sourcecode.swift; path = FADetailVC.swift; sourceTree = "<group>"; };
		18E1CCEA235B6F4D00FFCAF1 /* FAGridView.xib */ = {isa = PBXFileReference; fileEncoding = 4; lastKnownFileType = file.xib; path = FAGridView.xib; sourceTree = "<group>"; };
		18E1CCEB235B6F4D00FFCAF1 /* FAImageCell.swift */ = {isa = PBXFileReference; fileEncoding = 4; lastKnownFileType = sourcecode.swift; path = FAImageCell.swift; sourceTree = "<group>"; };
		18E1CCEC235B6F4D00FFCAF1 /* FAScrollView.swift */ = {isa = PBXFileReference; fileEncoding = 4; lastKnownFileType = sourcecode.swift; path = FAScrollView.swift; sourceTree = "<group>"; };
		18E1CCED235B6F4D00FFCAF1 /* FAImageCropperVC.swift */ = {isa = PBXFileReference; fileEncoding = 4; lastKnownFileType = sourcecode.swift; path = FAImageCropperVC.swift; sourceTree = "<group>"; };
		18E1CCF6235B704D00FFCAF1 /* Level.m */ = {isa = PBXFileReference; fileEncoding = 4; lastKnownFileType = sourcecode.c.objc; path = Level.m; sourceTree = "<group>"; };
		18E1CCF7235B704D00FFCAF1 /* Theme.h */ = {isa = PBXFileReference; fileEncoding = 4; lastKnownFileType = sourcecode.c.h; path = Theme.h; sourceTree = "<group>"; };
		18E1CCF8235B704D00FFCAF1 /* UIView+Extensions.swift */ = {isa = PBXFileReference; fileEncoding = 4; lastKnownFileType = sourcecode.swift; path = "UIView+Extensions.swift"; sourceTree = "<group>"; };
		18E1CCF9235B704D00FFCAF1 /* CellImage.m */ = {isa = PBXFileReference; fileEncoding = 4; lastKnownFileType = sourcecode.c.objc; path = CellImage.m; sourceTree = "<group>"; };
		18E1CCFA235B704D00FFCAF1 /* PackTableViewCell.xib */ = {isa = PBXFileReference; fileEncoding = 4; lastKnownFileType = file.xib; path = PackTableViewCell.xib; sourceTree = "<group>"; };
		18E1CCFB235B704D00FFCAF1 /* Cell.h */ = {isa = PBXFileReference; fileEncoding = 4; lastKnownFileType = sourcecode.c.h; path = Cell.h; sourceTree = "<group>"; };
		18E1CCFC235B704D00FFCAF1 /* SubPackTableViewCell1.xib */ = {isa = PBXFileReference; fileEncoding = 4; lastKnownFileType = file.xib; path = SubPackTableViewCell1.xib; sourceTree = "<group>"; };
		18E1CCFD235B704D00FFCAF1 /* CellLabel.h */ = {isa = PBXFileReference; fileEncoding = 4; lastKnownFileType = sourcecode.c.h; path = CellLabel.h; sourceTree = "<group>"; };
		18E1CCFE235B704D00FFCAF1 /* PuzzleCollectionViewCell.swift */ = {isa = PBXFileReference; fileEncoding = 4; lastKnownFileType = sourcecode.swift; path = PuzzleCollectionViewCell.swift; sourceTree = "<group>"; };
		18E1CCFF235B704D00FFCAF1 /* PuzzleCollectionViewCell.xib */ = {isa = PBXFileReference; fileEncoding = 4; lastKnownFileType = file.xib; path = PuzzleCollectionViewCell.xib; sourceTree = "<group>"; };
		18E1CD00235B704D00FFCAF1 /* Theme.m */ = {isa = PBXFileReference; fileEncoding = 4; lastKnownFileType = sourcecode.c.objc; path = Theme.m; sourceTree = "<group>"; };
		18E1CD01235B704D00FFCAF1 /* Level.h */ = {isa = PBXFileReference; fileEncoding = 4; lastKnownFileType = sourcecode.c.h; path = Level.h; sourceTree = "<group>"; };
		18E1CD02235B704D00FFCAF1 /* CellImage.h */ = {isa = PBXFileReference; fileEncoding = 4; lastKnownFileType = sourcecode.c.h; path = CellImage.h; sourceTree = "<group>"; };
		18E1CD03235B704D00FFCAF1 /* PackTableViewCell.swift */ = {isa = PBXFileReference; fileEncoding = 4; lastKnownFileType = sourcecode.swift; path = PackTableViewCell.swift; sourceTree = "<group>"; };
		18E1CD04235B704D00FFCAF1 /* SubPackTableViewCell.xib */ = {isa = PBXFileReference; fileEncoding = 4; lastKnownFileType = file.xib; path = SubPackTableViewCell.xib; sourceTree = "<group>"; };
		18E1CD05235B704D00FFCAF1 /* CellLabel.m */ = {isa = PBXFileReference; fileEncoding = 4; lastKnownFileType = sourcecode.c.objc; path = CellLabel.m; sourceTree = "<group>"; };
		18E1CD06235B704D00FFCAF1 /* Cell.m */ = {isa = PBXFileReference; fileEncoding = 4; lastKnownFileType = sourcecode.c.objc; path = Cell.m; sourceTree = "<group>"; };
		18E1CD07235B704D00FFCAF1 /* SubPackTableViewCell.swift */ = {isa = PBXFileReference; fileEncoding = 4; lastKnownFileType = sourcecode.swift; path = SubPackTableViewCell.swift; sourceTree = "<group>"; };
		18E1CD2B235B70C400FFCAF1 /* PicCrossLevelSelectViewController.swift */ = {isa = PBXFileReference; fileEncoding = 4; lastKnownFileType = sourcecode.swift; path = PicCrossLevelSelectViewController.swift; sourceTree = "<group>"; };
		18E1CD35235B70C500FFCAF1 /* PicCrossStageViewController.swift */ = {isa = PBXFileReference; fileEncoding = 4; lastKnownFileType = sourcecode.swift; path = PicCrossStageViewController.swift; sourceTree = "<group>"; };
		18E1CD36235B70C500FFCAF1 /* HomeViewController.swift */ = {isa = PBXFileReference; fileEncoding = 4; lastKnownFileType = sourcecode.swift; path = HomeViewController.swift; sourceTree = "<group>"; };
		18E1CD52235B70DC00FFCAF1 /* AudioPlayer.swift */ = {isa = PBXFileReference; fileEncoding = 4; lastKnownFileType = sourcecode.swift; path = AudioPlayer.swift; sourceTree = "<group>"; };
		18E1CD53235B70DC00FFCAF1 /* UIImage+Gif.swift */ = {isa = PBXFileReference; fileEncoding = 4; lastKnownFileType = sourcecode.swift; path = "UIImage+Gif.swift"; sourceTree = "<group>"; };
		18E1CD61235B70FB00FFCAF1 /* ViewController.h */ = {isa = PBXFileReference; fileEncoding = 4; lastKnownFileType = sourcecode.c.h; path = ViewController.h; sourceTree = "<group>"; };
		18E1CD62235B70FB00FFCAF1 /* ViewController.m */ = {isa = PBXFileReference; fileEncoding = 4; lastKnownFileType = sourcecode.c.objc; path = ViewController.m; sourceTree = "<group>"; };
		18E1CD67235B714000FFCAF1 /* PhotoGame.storyboard */ = {isa = PBXFileReference; fileEncoding = 4; lastKnownFileType = file.storyboard; path = PhotoGame.storyboard; sourceTree = "<group>"; };
		18E1CD68235B714000FFCAF1 /* Main.storyboard */ = {isa = PBXFileReference; fileEncoding = 4; lastKnownFileType = file.storyboard; path = Main.storyboard; sourceTree = "<group>"; };
		18E1CD69235B714000FFCAF1 /* NumberGame.storyboard */ = {isa = PBXFileReference; fileEncoding = 4; lastKnownFileType = file.storyboard; path = NumberGame.storyboard; sourceTree = "<group>"; };
		18E1CD6E235B715400FFCAF1 /* Cheers.swift */ = {isa = PBXFileReference; fileEncoding = 4; lastKnownFileType = sourcecode.swift; path = Cheers.swift; sourceTree = "<group>"; };
		18E1CD6F235B715400FFCAF1 /* Config.swift */ = {isa = PBXFileReference; fileEncoding = 4; lastKnownFileType = sourcecode.swift; path = Config.swift; sourceTree = "<group>"; };
		18E1CD70235B715400FFCAF1 /* Extensions.swift */ = {isa = PBXFileReference; fileEncoding = 4; lastKnownFileType = sourcecode.swift; path = Extensions.swift; sourceTree = "<group>"; };
		18E1CD71235B715400FFCAF1 /* ImageGenerator.swift */ = {isa = PBXFileReference; fileEncoding = 4; lastKnownFileType = sourcecode.swift; path = ImageGenerator.swift; sourceTree = "<group>"; };
		18E1CD77235B73EE00FFCAF1 /* UIView+Glow.m */ = {isa = PBXFileReference; fileEncoding = 4; lastKnownFileType = sourcecode.c.objc; path = "UIView+Glow.m"; sourceTree = "<group>"; };
		18E1CD78235B73EE00FFCAF1 /* UIView+Glow.h */ = {isa = PBXFileReference; fileEncoding = 4; lastKnownFileType = sourcecode.c.h; path = "UIView+Glow.h"; sourceTree = "<group>"; };
		18E1CD7A235B748700FFCAF1 /* UIImage+Extension.h */ = {isa = PBXFileReference; fileEncoding = 4; lastKnownFileType = sourcecode.c.h; path = "UIImage+Extension.h"; sourceTree = "<group>"; };
		18E1CD7B235B748700FFCAF1 /* UIImage+Extension.m */ = {isa = PBXFileReference; fileEncoding = 4; lastKnownFileType = sourcecode.c.objc; path = "UIImage+Extension.m"; sourceTree = "<group>"; };
		18E1CD7F235B754400FFCAF1 /* CCColorCube.h */ = {isa = PBXFileReference; fileEncoding = 4; lastKnownFileType = sourcecode.c.h; path = CCColorCube.h; sourceTree = "<group>"; };
		18E1CD80235B754400FFCAF1 /* CCLocalMaximum.m */ = {isa = PBXFileReference; fileEncoding = 4; lastKnownFileType = sourcecode.c.objc; path = CCLocalMaximum.m; sourceTree = "<group>"; };
		18E1CD81235B754400FFCAF1 /* CCColorCube.m */ = {isa = PBXFileReference; fileEncoding = 4; lastKnownFileType = sourcecode.c.objc; path = CCColorCube.m; sourceTree = "<group>"; };
		18E1CD82235B754400FFCAF1 /* CCLocalMaximum.h */ = {isa = PBXFileReference; fileEncoding = 4; lastKnownFileType = sourcecode.c.h; path = CCLocalMaximum.h; sourceTree = "<group>"; };
		18E1CD83235B754400FFCAF1 /* ColorCube.h */ = {isa = PBXFileReference; fileEncoding = 4; lastKnownFileType = sourcecode.c.h; path = ColorCube.h; sourceTree = "<group>"; };
		18E1CDA6235B789C00FFCAF1 /* AZDialogViewController.swift */ = {isa = PBXFileReference; fileEncoding = 4; lastKnownFileType = sourcecode.swift; path = AZDialogViewController.swift; sourceTree = "<group>"; };
		18E1CDA9235B78BE00FFCAF1 /* CHIPageControl.h */ = {isa = PBXFileReference; fileEncoding = 4; lastKnownFileType = sourcecode.c.h; path = CHIPageControl.h; sourceTree = "<group>"; };
		18E1CDAB235B78BE00FFCAF1 /* CHIBasePageControl.swift */ = {isa = PBXFileReference; fileEncoding = 4; lastKnownFileType = sourcecode.swift; path = CHIBasePageControl.swift; sourceTree = "<group>"; };
		18E1CDAC235B78BE00FFCAF1 /* CHIPageControllable.swift */ = {isa = PBXFileReference; fileEncoding = 4; lastKnownFileType = sourcecode.swift; path = CHIPageControllable.swift; sourceTree = "<group>"; };
		18E1CDAD235B78BE00FFCAF1 /* CHILayer.swift */ = {isa = PBXFileReference; fileEncoding = 4; lastKnownFileType = sourcecode.swift; path = CHILayer.swift; sourceTree = "<group>"; };
		18E1CDAE235B78BE00FFCAF1 /* CHIPageControlJalapeno.swift */ = {isa = PBXFileReference; fileEncoding = 4; lastKnownFileType = sourcecode.swift; path = CHIPageControlJalapeno.swift; sourceTree = "<group>"; };
		18E1CDAF235B78BE00FFCAF1 /* CHIPageControlAleppo.swift */ = {isa = PBXFileReference; fileEncoding = 4; lastKnownFileType = sourcecode.swift; path = CHIPageControlAleppo.swift; sourceTree = "<group>"; };
		18E1CDB0235B78BE00FFCAF1 /* CHIPageControlJaloro.swift */ = {isa = PBXFileReference; fileEncoding = 4; lastKnownFileType = sourcecode.swift; path = CHIPageControlJaloro.swift; sourceTree = "<group>"; };
		18E1CDB1235B78BE00FFCAF1 /* CHIPageControlChimayo.swift */ = {isa = PBXFileReference; fileEncoding = 4; lastKnownFileType = sourcecode.swift; path = CHIPageControlChimayo.swift; sourceTree = "<group>"; };
		18E1CDB2235B78BE00FFCAF1 /* CHIPageControlPuya.swift */ = {isa = PBXFileReference; fileEncoding = 4; lastKnownFileType = sourcecode.swift; path = CHIPageControlPuya.swift; sourceTree = "<group>"; };
		18E1CDB3235B78BE00FFCAF1 /* CHIPageControlPaprika.swift */ = {isa = PBXFileReference; fileEncoding = 4; lastKnownFileType = sourcecode.swift; path = CHIPageControlPaprika.swift; sourceTree = "<group>"; };
		18E1CDB4235B78BE00FFCAF1 /* CHIPageControlFresno.swift */ = {isa = PBXFileReference; fileEncoding = 4; lastKnownFileType = sourcecode.swift; path = CHIPageControlFresno.swift; sourceTree = "<group>"; };
		18E1CDB5235B78BE00FFCAF1 /* CHIPageControlAji.swift */ = {isa = PBXFileReference; fileEncoding = 4; lastKnownFileType = sourcecode.swift; path = CHIPageControlAji.swift; sourceTree = "<group>"; };
		18E1CDC3235B79A100FFCAF1 /* TTSegmentedControl.swift */ = {isa = PBXFileReference; fileEncoding = 4; lastKnownFileType = sourcecode.swift; path = TTSegmentedControl.swift; sourceTree = "<group>"; };
		18E1CDCB235B803900FFCAF1 /* Assets.xcassets */ = {isa = PBXFileReference; lastKnownFileType = folder.assetcatalog; path = Assets.xcassets; sourceTree = "<group>"; };
		18FAE53F2388678E00D83C2C /* BoxoB.xcassets */ = {isa = PBXFileReference; lastKnownFileType = folder.assetcatalog; path = BoxoB.xcassets; sourceTree = "<group>"; };
		436A4F43B65C9D34648BC142 /* Pods-BoXoB.release.xcconfig */ = {isa = PBXFileReference; includeInIndex = 1; lastKnownFileType = text.xcconfig; name = "Pods-BoXoB.release.xcconfig"; path = "Target Support Files/Pods-BoXoB/Pods-BoXoB.release.xcconfig"; sourceTree = "<group>"; };
		510F7B0B260CCCB800CD7825 /* PicCross.gif */ = {isa = PBXFileReference; lastKnownFileType = image.gif; path = PicCross.gif; sourceTree = "<group>"; };
		512DC96E2602691D0038C12B /* Riddles & Brain Teasers Puzzle.entitlements */ = {isa = PBXFileReference; lastKnownFileType = text.plist.entitlements; path = "Riddles & Brain Teasers Puzzle.entitlements"; sourceTree = "<group>"; };
		513F0CFE26088B7A00ADD20F /* ElMessiri.ttf */ = {isa = PBXFileReference; lastKnownFileType = file; path = ElMessiri.ttf; sourceTree = "<group>"; };
		513F0D0026088DF500ADD20F /* SuperstarM54-Zq6K.ttf */ = {isa = PBXFileReference; lastKnownFileType = file; path = "SuperstarM54-Zq6K.ttf"; sourceTree = "<group>"; };
		51C2DEAC260DD5F300AD8F1D /* BaseViewController.m */ = {isa = PBXFileReference; fileEncoding = 4; lastKnownFileType = sourcecode.c.objc; path = BaseViewController.m; sourceTree = "<group>"; };
		51C2DEB1260DD6C400AD8F1D /* MBProgressHUD.h */ = {isa = PBXFileReference; fileEncoding = 4; lastKnownFileType = sourcecode.c.h; path = MBProgressHUD.h; sourceTree = "<group>"; };
		51C2DEB2260DD6C500AD8F1D /* MBProgressHUD.m */ = {isa = PBXFileReference; fileEncoding = 4; lastKnownFileType = sourcecode.c.objc; path = MBProgressHUD.m; sourceTree = "<group>"; };
		51C2DEB6260DD76600AD8F1D /* BaseSwiftViewController.swift */ = {isa = PBXFileReference; fileEncoding = 4; lastKnownFileType = sourcecode.swift; path = BaseSwiftViewController.swift; sourceTree = "<group>"; };
		51C2DEBB260DD8E900AD8F1D /* NSArray+transpose.m */ = {isa = PBXFileReference; fileEncoding = 4; lastKnownFileType = sourcecode.c.objc; path = "NSArray+transpose.m"; sourceTree = "<group>"; };
		51C2DEBC260DD8E900AD8F1D /* NSArray+transpose.h */ = {isa = PBXFileReference; fileEncoding = 4; lastKnownFileType = sourcecode.c.h; path = "NSArray+transpose.h"; sourceTree = "<group>"; };
		51C2DEBF260DD91000AD8F1D /* NSArray+each.m */ = {isa = PBXFileReference; fileEncoding = 4; lastKnownFileType = sourcecode.c.objc; path = "NSArray+each.m"; sourceTree = "<group>"; };
		51C2DEC0260DD91000AD8F1D /* NSArray+each.h */ = {isa = PBXFileReference; fileEncoding = 4; lastKnownFileType = sourcecode.c.h; path = "NSArray+each.h"; sourceTree = "<group>"; };
		51C2DEC3260DD93100AD8F1D /* NSArray+select.m */ = {isa = PBXFileReference; fileEncoding = 4; lastKnownFileType = sourcecode.c.objc; path = "NSArray+select.m"; sourceTree = "<group>"; };
		51C2DEC4260DD93100AD8F1D /* NSArray+select.h */ = {isa = PBXFileReference; fileEncoding = 4; lastKnownFileType = sourcecode.c.h; path = "NSArray+select.h"; sourceTree = "<group>"; };
		51C2DEC7260DD93C00AD8F1D /* NSArray+max.m */ = {isa = PBXFileReference; fileEncoding = 4; lastKnownFileType = sourcecode.c.objc; path = "NSArray+max.m"; sourceTree = "<group>"; };
		51C2DEC8260DD93C00AD8F1D /* NSArray+max.h */ = {isa = PBXFileReference; fileEncoding = 4; lastKnownFileType = sourcecode.c.h; path = "NSArray+max.h"; sourceTree = "<group>"; };
		51C2DECB260DD95900AD8F1D /* YOLO.ph */ = {isa = PBXFileReference; fileEncoding = 4; lastKnownFileType = text; path = YOLO.ph; sourceTree = "<group>"; };
		51C2DED0260DDA3300AD8F1D /* BaseViewController.h */ = {isa = PBXFileReference; lastKnownFileType = sourcecode.c.h; path = BaseViewController.h; sourceTree = "<group>"; };
		51C2DED3260DDAE900AD8F1D /* YOLO.m */ = {isa = PBXFileReference; fileEncoding = 4; lastKnownFileType = sourcecode.c.objc; path = YOLO.m; sourceTree = "<group>"; };
		8610ACD0FCD50D87328CFED8 /* Pods_BoXoB.framework */ = {isa = PBXFileReference; explicitFileType = wrapper.framework; includeInIndex = 0; path = Pods_BoXoB.framework; sourceTree = BUILT_PRODUCTS_DIR; };
		96D192BA825ECEC8C3FC8BC1 /* Pods-BoXoB.debug.xcconfig */ = {isa = PBXFileReference; includeInIndex = 1; lastKnownFileType = text.xcconfig; name = "Pods-BoXoB.debug.xcconfig"; path = "Target Support Files/Pods-BoXoB/Pods-BoXoB.debug.xcconfig"; sourceTree = "<group>"; };
/* End PBXFileReference section */

/* Begin PBXFrameworksBuildPhase section */
		18E1CBE9235B6E7000FFCAF1 /* Frameworks */ = {
			isa = PBXFrameworksBuildPhase;
			buildActionMask = 2147483647;
			files = (
				519F27362604CBCF00A7B6C8 /* Pods_BoXoB.framework in Frameworks */,
				51C2DE91260DD3F000AD8F1D /* FacebookCore in Frameworks */,
				51C2DE93260DD3F000AD8F1D /* FacebookShare in Frameworks */,
			);
			runOnlyForDeploymentPostprocessing = 0;
		};
/* End PBXFrameworksBuildPhase section */

/* Begin PBXGroup section */
		180885B7241912F30032C953 /* Folder for reskin */ = {
			isa = PBXGroup;
			children = (
				18E1CDCB235B803900FFCAF1 /* Assets.xcassets */,
				18FAE53F2388678E00D83C2C /* BoxoB.xcassets */,
				180885B5241908F80032C953 /* Constant.swift */,
				18E1CC01235B6ECD00FFCAF1 /* Demo */,
			);
			path = "Folder for reskin";
			sourceTree = "<group>";
		};
		18A487F824588F7F006F8AF3 /* Fusuma */ = {
			isa = PBXGroup;
			children = (
				18A487FA24588F7F006F8AF3 /* FSImageCropView.swift */,
				18A487FB24588F80006F8AF3 /* Assets.xcassets */,
				18A487FD24588F80006F8AF3 /* Extensions */,
			);
			path = Fusuma;
			sourceTree = "<group>";
		};
		18A487FD24588F80006F8AF3 /* Extensions */ = {
			isa = PBXGroup;
			children = (
				18A487FE24588F80006F8AF3 /* UIViewExtensions.swift */,
				18A487FF24588F80006F8AF3 /* UIColorExtensions.swift */,
			);
			path = Extensions;
			sourceTree = "<group>";
		};
		18E1CBE3235B6E7000FFCAF1 = {
			isa = PBXGroup;
			children = (
				18E1CBEE235B6E7000FFCAF1 /* BoXoB */,
				18E1CBED235B6E7000FFCAF1 /* Products */,
				6DBE0AFE045A796DE116AB06 /* Pods */,
				9C19AE13BD1698877B41BA1B /* Frameworks */,
			);
			sourceTree = "<group>";
		};
		18E1CBED235B6E7000FFCAF1 /* Products */ = {
			isa = PBXGroup;
			children = (
				18E1CBEC235B6E7000FFCAF1 /* Riddles & Brain Teasers Puzzle.app */,
			);
			name = Products;
			sourceTree = "<group>";
		};
		18E1CBEE235B6E7000FFCAF1 /* BoXoB */ = {
			isa = PBXGroup;
			children = (
				512DC96E2602691D0038C12B /* Riddles & Brain Teasers Puzzle.entitlements */,
				18A487F824588F7F006F8AF3 /* Fusuma */,
				180885B7241912F30032C953 /* Folder for reskin */,
				18E1CD7D235B754400FFCAF1 /* ColorCube */,
				18E1CD76235B73EE00FFCAF1 /* UIView-Glow-master */,
				18E1CD64235B711500FFCAF1 /* fonts */,
				18E1CD51235B70CE00FFCAF1 /* Helpers */,
				18E1CCF5235B704D00FFCAF1 /* UI */,
				18E1CCE6235B6F4D00FFCAF1 /* FAImageCropper */,
				18E1CC10235B6EEA00FFCAF1 /* Navigation */,
				51C2DEB0260DD6BB00AD8F1D /* Classes */,
				18E1CD15235B706100FFCAF1 /* Controller */,
				18E1CBEF235B6E7000FFCAF1 /* AppDelegate.swift */,
				18E1CD68235B714000FFCAF1 /* Main.storyboard */,
				18E1CD69235B714000FFCAF1 /* NumberGame.storyboard */,
				18E1CD67235B714000FFCAF1 /* PhotoGame.storyboard */,
				18E1CBF8235B6E7100FFCAF1 /* LaunchScreen.storyboard */,
				18E1CBFB235B6E7100FFCAF1 /* Info.plist */,
				18E1CC0C235B6EDD00FFCAF1 /* BoXoB-Bridging-Header.h */,
			);
			path = BoXoB;
			sourceTree = "<group>";
		};
		18E1CC01235B6ECD00FFCAF1 /* Demo */ = {
			isa = PBXGroup;
			children = (
				189EBB25239ED99A0022A1B0 /* santa.gif */,
				18AA52862381BFDE0013F363 /* source.gif */,
				18E1CC02235B6ECD00FFCAF1 /* Rotato.gif */,
				510F7B0B260CCCB800CD7825 /* PicCross.gif */,
				18E1CC03235B6ECD00FFCAF1 /* PicCross1.gif */,
				18E1CC06235B6ECD00FFCAF1 /* Flippo.gif */,
			);
			path = Demo;
			sourceTree = "<group>";
		};
		18E1CC10235B6EEA00FFCAF1 /* Navigation */ = {
			isa = PBXGroup;
			children = (
				18E1CC11235B6EEA00FFCAF1 /* UINavigationController+Fade.h */,
				18E1CC12235B6EEA00FFCAF1 /* UINavigationController+Fade.m */,
			);
			path = Navigation;
			sourceTree = "<group>";
		};
		18E1CCE6235B6F4D00FFCAF1 /* FAImageCropper */ = {
			isa = PBXGroup;
			children = (
				18E1CCE7235B6F4D00FFCAF1 /* FAImageLoader.swift */,
				18E1CCE8235B6F4D00FFCAF1 /* UIImage+Additions.swift */,
				18E1CCE9235B6F4D00FFCAF1 /* FADetailVC.swift */,
				18E1CCEA235B6F4D00FFCAF1 /* FAGridView.xib */,
				18E1CCEB235B6F4D00FFCAF1 /* FAImageCell.swift */,
				18E1CCEC235B6F4D00FFCAF1 /* FAScrollView.swift */,
				18E1CCED235B6F4D00FFCAF1 /* FAImageCropperVC.swift */,
			);
			path = FAImageCropper;
			sourceTree = "<group>";
		};
		18E1CCF5235B704D00FFCAF1 /* UI */ = {
			isa = PBXGroup;
			children = (
				18E1CCF6235B704D00FFCAF1 /* Level.m */,
				18E1CCF7235B704D00FFCAF1 /* Theme.h */,
				18E1CCF8235B704D00FFCAF1 /* UIView+Extensions.swift */,
				18E1CCF9235B704D00FFCAF1 /* CellImage.m */,
				18E1CCFA235B704D00FFCAF1 /* PackTableViewCell.xib */,
				18E1CCFB235B704D00FFCAF1 /* Cell.h */,
				18E1CCFC235B704D00FFCAF1 /* SubPackTableViewCell1.xib */,
				18E1CCFD235B704D00FFCAF1 /* CellLabel.h */,
				18E1CCFE235B704D00FFCAF1 /* PuzzleCollectionViewCell.swift */,
				18E1CCFF235B704D00FFCAF1 /* PuzzleCollectionViewCell.xib */,
				18E1CD00235B704D00FFCAF1 /* Theme.m */,
				18E1CD01235B704D00FFCAF1 /* Level.h */,
				18E1CD02235B704D00FFCAF1 /* CellImage.h */,
				18E1CD03235B704D00FFCAF1 /* PackTableViewCell.swift */,
				18E1CD04235B704D00FFCAF1 /* SubPackTableViewCell.xib */,
				18E1CD05235B704D00FFCAF1 /* CellLabel.m */,
				18E1CD06235B704D00FFCAF1 /* Cell.m */,
				18E1CD07235B704D00FFCAF1 /* SubPackTableViewCell.swift */,
			);
			path = UI;
			sourceTree = "<group>";
		};
		18E1CD15235B706100FFCAF1 /* Controller */ = {
			isa = PBXGroup;
			children = (
				18E1CD86235B772F00FFCAF1 /* PatternMatch */,
				51C2DEB6260DD76600AD8F1D /* BaseSwiftViewController.swift */,
				51C2DED0260DDA3300AD8F1D /* BaseViewController.h */,
				51C2DEAC260DD5F300AD8F1D /* BaseViewController.m */,
				18E1CD61235B70FB00FFCAF1 /* ViewController.h */,
				18E1CD62235B70FB00FFCAF1 /* ViewController.m */,
				18E1CD36235B70C500FFCAF1 /* HomeViewController.swift */,
				18E1CD2B235B70C400FFCAF1 /* PicCrossLevelSelectViewController.swift */,
				18E1CD35235B70C500FFCAF1 /* PicCrossStageViewController.swift */,
				18AE2C29235C610E00D169E9 /* ChooseGameTypeViewController.swift */,
			);
			path = Controller;
			sourceTree = "<group>";
		};
		18E1CD51235B70CE00FFCAF1 /* Helpers */ = {
			isa = PBXGroup;
			children = (
				18E1CDC3235B79A100FFCAF1 /* TTSegmentedControl.swift */,
				18E1CDA8235B78BE00FFCAF1 /* CHIPageControl */,
				18E1CDA6235B789C00FFCAF1 /* AZDialogViewController.swift */,
				18E1CD7A235B748700FFCAF1 /* UIImage+Extension.h */,
				18E1CD7B235B748700FFCAF1 /* UIImage+Extension.m */,
				18E1CD6D235B715400FFCAF1 /* Confetti */,
				18E1CD52235B70DC00FFCAF1 /* AudioPlayer.swift */,
				18E1CD53235B70DC00FFCAF1 /* UIImage+Gif.swift */,
			);
			path = Helpers;
			sourceTree = "<group>";
		};
		18E1CD64235B711500FFCAF1 /* fonts */ = {
			isa = PBXGroup;
			children = (
				513F0CFE26088B7A00ADD20F /* ElMessiri.ttf */,
				513F0D0026088DF500ADD20F /* SuperstarM54-Zq6K.ttf */,
			);
			path = fonts;
			sourceTree = "<group>";
		};
		18E1CD6D235B715400FFCAF1 /* Confetti */ = {
			isa = PBXGroup;
			children = (
				18E1CD6E235B715400FFCAF1 /* Cheers.swift */,
				18E1CD6F235B715400FFCAF1 /* Config.swift */,
				18E1CD70235B715400FFCAF1 /* Extensions.swift */,
				18E1CD71235B715400FFCAF1 /* ImageGenerator.swift */,
			);
			path = Confetti;
			sourceTree = "<group>";
		};
		18E1CD76235B73EE00FFCAF1 /* UIView-Glow-master */ = {
			isa = PBXGroup;
			children = (
				18E1CD77235B73EE00FFCAF1 /* UIView+Glow.m */,
				18E1CD78235B73EE00FFCAF1 /* UIView+Glow.h */,
			);
			path = "UIView-Glow-master";
			sourceTree = "<group>";
		};
		18E1CD7D235B754400FFCAF1 /* ColorCube */ = {
			isa = PBXGroup;
			children = (
				18E1CD7E235B754400FFCAF1 /* Source */,
				18E1CD83235B754400FFCAF1 /* ColorCube.h */,
			);
			path = ColorCube;
			sourceTree = "<group>";
		};
		18E1CD7E235B754400FFCAF1 /* Source */ = {
			isa = PBXGroup;
			children = (
				18E1CD7F235B754400FFCAF1 /* CCColorCube.h */,
				18E1CD80235B754400FFCAF1 /* CCLocalMaximum.m */,
				18E1CD81235B754400FFCAF1 /* CCColorCube.m */,
				18E1CD82235B754400FFCAF1 /* CCLocalMaximum.h */,
			);
			path = Source;
			sourceTree = "<group>";
		};
		18E1CD86235B772F00FFCAF1 /* PatternMatch */ = {
			isa = PBXGroup;
			children = (
			);
			path = PatternMatch;
			sourceTree = "<group>";
		};
		18E1CDA8235B78BE00FFCAF1 /* CHIPageControl */ = {
			isa = PBXGroup;
			children = (
				18E1CDA9235B78BE00FFCAF1 /* CHIPageControl.h */,
				18E1CDAA235B78BE00FFCAF1 /* Core */,
				18E1CDAE235B78BE00FFCAF1 /* CHIPageControlJalapeno.swift */,
				18E1CDAF235B78BE00FFCAF1 /* CHIPageControlAleppo.swift */,
				18E1CDB0235B78BE00FFCAF1 /* CHIPageControlJaloro.swift */,
				18E1CDB1235B78BE00FFCAF1 /* CHIPageControlChimayo.swift */,
				18E1CDB2235B78BE00FFCAF1 /* CHIPageControlPuya.swift */,
				18E1CDB3235B78BE00FFCAF1 /* CHIPageControlPaprika.swift */,
				18E1CDB4235B78BE00FFCAF1 /* CHIPageControlFresno.swift */,
				18E1CDB5235B78BE00FFCAF1 /* CHIPageControlAji.swift */,
			);
			path = CHIPageControl;
			sourceTree = "<group>";
		};
		18E1CDAA235B78BE00FFCAF1 /* Core */ = {
			isa = PBXGroup;
			children = (
				18E1CDAB235B78BE00FFCAF1 /* CHIBasePageControl.swift */,
				18E1CDAC235B78BE00FFCAF1 /* CHIPageControllable.swift */,
				18E1CDAD235B78BE00FFCAF1 /* CHILayer.swift */,
			);
			path = Core;
			sourceTree = "<group>";
		};
		51C2DEB0260DD6BB00AD8F1D /* Classes */ = {
			isa = PBXGroup;
			children = (
				51C2DEC8260DD93C00AD8F1D /* NSArray+max.h */,
				51C2DEC7260DD93C00AD8F1D /* NSArray+max.m */,
				51C2DEB1260DD6C400AD8F1D /* MBProgressHUD.h */,
				51C2DEB2260DD6C500AD8F1D /* MBProgressHUD.m */,
				51C2DEBC260DD8E900AD8F1D /* NSArray+transpose.h */,
				51C2DEBB260DD8E900AD8F1D /* NSArray+transpose.m */,
				51C2DEC0260DD91000AD8F1D /* NSArray+each.h */,
				51C2DEBF260DD91000AD8F1D /* NSArray+each.m */,
				51C2DEC4260DD93100AD8F1D /* NSArray+select.h */,
				51C2DEC3260DD93100AD8F1D /* NSArray+select.m */,
				51C2DECB260DD95900AD8F1D /* YOLO.ph */,
				51C2DED3260DDAE900AD8F1D /* YOLO.m */,
			);
			path = Classes;
			sourceTree = "<group>";
		};
		6DBE0AFE045A796DE116AB06 /* Pods */ = {
			isa = PBXGroup;
			children = (
				96D192BA825ECEC8C3FC8BC1 /* Pods-BoXoB.debug.xcconfig */,
				436A4F43B65C9D34648BC142 /* Pods-BoXoB.release.xcconfig */,
			);
			path = Pods;
			sourceTree = "<group>";
		};
		9C19AE13BD1698877B41BA1B /* Frameworks */ = {
			isa = PBXGroup;
			children = (
				8610ACD0FCD50D87328CFED8 /* Pods_BoXoB.framework */,
			);
			name = Frameworks;
			sourceTree = "<group>";
		};
/* End PBXGroup section */

/* Begin PBXNativeTarget section */
		18E1CBEB235B6E7000FFCAF1 /* BoXoB */ = {
			isa = PBXNativeTarget;
			buildConfigurationList = 18E1CBFE235B6E7100FFCAF1 /* Build configuration list for PBXNativeTarget "BoXoB" */;
			buildPhases = (
				6E9350533CD6235AFCD6223A /* [CP] Check Pods Manifest.lock */,
				18E1CBE8235B6E7000FFCAF1 /* Sources */,
				18E1CBE9235B6E7000FFCAF1 /* Frameworks */,
				18E1CBEA235B6E7000FFCAF1 /* Resources */,
				6E306DD39473006B0498F0AC /* [CP] Embed Pods Frameworks */,
			);
			buildRules = (
			);
			dependencies = (
			);
			name = BoXoB;
			packageProductDependencies = (
				51C2DE90260DD3F000AD8F1D /* FacebookCore */,
				51C2DE92260DD3F000AD8F1D /* FacebookShare */,
			);
			productName = BoXoB;
			productReference = 18E1CBEC235B6E7000FFCAF1 /* Riddles & Brain Teasers Puzzle.app */;
			productType = "com.apple.product-type.application";
		};
/* End PBXNativeTarget section */

/* Begin PBXProject section */
		18E1CBE4235B6E7000FFCAF1 /* Project object */ = {
			isa = PBXProject;
			attributes = {
				LastSwiftUpdateCheck = 1020;
				LastUpgradeCheck = 1020;
				ORGANIZATIONNAME = "";
				TargetAttributes = {
					18E1CBEB235B6E7000FFCAF1 = {
						CreatedOnToolsVersion = 10.2.1;
						LastSwiftMigration = 1020;
					};
				};
			};
			buildConfigurationList = 18E1CBE7235B6E7000FFCAF1 /* Build configuration list for PBXProject "BoXoB" */;
			compatibilityVersion = "Xcode 9.3";
			developmentRegion = en;
			hasScannedForEncodings = 0;
			knownRegions = (
				en,
				Base,
				de,
				ar,
				"zh-Hans",
				ja,
				es,
				it,
				bg,
				ko,
				"zh-Hant",
				tr,
				"pt-BR",
				vi,
				ru,
				fr,
				id,
				nl,
				th,
			);
			mainGroup = 18E1CBE3235B6E7000FFCAF1;
			packageReferences = (
				51C2DE8F260DD3F000AD8F1D /* XCRemoteSwiftPackageReference "facebook-ios-sdk" */,
			);
			productRefGroup = 18E1CBED235B6E7000FFCAF1 /* Products */;
			projectDirPath = "";
			projectRoot = "";
			targets = (
				18E1CBEB235B6E7000FFCAF1 /* BoXoB */,
			);
		};
/* End PBXProject section */

/* Begin PBXResourcesBuildPhase section */
		18E1CBEA235B6E7000FFCAF1 /* Resources */ = {
			isa = PBXResourcesBuildPhase;
			buildActionMask = 2147483647;
			files = (
				18E1CD6A235B714100FFCAF1 /* PhotoGame.storyboard in Resources */,
				51C2DECC260DD95900AD8F1D /* YOLO.ph in Resources */,
				18E1CD0E235B704E00FFCAF1 /* PuzzleCollectionViewCell.xib in Resources */,
				18A4880A24588F80006F8AF3 /* Assets.xcassets in Resources */,
				18E1CD6B235B714100FFCAF1 /* Main.storyboard in Resources */,
				513F0D0126088DF500ADD20F /* SuperstarM54-Zq6K.ttf in Resources */,
				18E1CC0B235B6ECD00FFCAF1 /* Flippo.gif in Resources */,
				18E1CCF1235B6F4D00FFCAF1 /* FAGridView.xib in Resources */,
				510F7B0C260CCCB800CD7825 /* PicCross.gif in Resources */,
				18E1CC08235B6ECD00FFCAF1 /* PicCross1.gif in Resources */,
				18E1CBFA235B6E7100FFCAF1 /* LaunchScreen.storyboard in Resources */,
				18E1CD0C235B704E00FFCAF1 /* SubPackTableViewCell1.xib in Resources */,
				18E1CD11235B704E00FFCAF1 /* SubPackTableViewCell.xib in Resources */,
				189EBB26239ED99C0022A1B0 /* santa.gif in Resources */,
				18E1CD0B235B704E00FFCAF1 /* PackTableViewCell.xib in Resources */,
				18AA52872381BFDF0013F363 /* source.gif in Resources */,
				513F0CFF26088B7A00ADD20F /* ElMessiri.ttf in Resources */,
				18E1CD6C235B714100FFCAF1 /* NumberGame.storyboard in Resources */,
				18FAE5402388678E00D83C2C /* BoxoB.xcassets in Resources */,
				18E1CC07235B6ECD00FFCAF1 /* Rotato.gif in Resources */,
				18E1CDCC235B803900FFCAF1 /* Assets.xcassets in Resources */,
			);
			runOnlyForDeploymentPostprocessing = 0;
		};
/* End PBXResourcesBuildPhase section */

/* Begin PBXShellScriptBuildPhase section */
		6E306DD39473006B0498F0AC /* [CP] Embed Pods Frameworks */ = {
			isa = PBXShellScriptBuildPhase;
			buildActionMask = 2147483647;
			files = (
			);
			inputFileListPaths = (
				"${PODS_ROOT}/Target Support Files/Pods-BoXoB/Pods-BoXoB-frameworks-${CONFIGURATION}-input-files.xcfilelist",
			);
			name = "[CP] Embed Pods Frameworks";
			outputFileListPaths = (
				"${PODS_ROOT}/Target Support Files/Pods-BoXoB/Pods-BoXoB-frameworks-${CONFIGURATION}-output-files.xcfilelist",
			);
			runOnlyForDeploymentPostprocessing = 0;
			shellPath = /bin/sh;
			shellScript = "\"${PODS_ROOT}/Target Support Files/Pods-BoXoB/Pods-BoXoB-frameworks.sh\"\n";
			showEnvVarsInLog = 0;
		};
		6E9350533CD6235AFCD6223A /* [CP] Check Pods Manifest.lock */ = {
			isa = PBXShellScriptBuildPhase;
			buildActionMask = 2147483647;
			files = (
			);
			inputFileListPaths = (
			);
			inputPaths = (
				"${PODS_PODFILE_DIR_PATH}/Podfile.lock",
				"${PODS_ROOT}/Manifest.lock",
			);
			name = "[CP] Check Pods Manifest.lock";
			outputFileListPaths = (
			);
			outputPaths = (
				"$(DERIVED_FILE_DIR)/Pods-BoXoB-checkManifestLockResult.txt",
			);
			runOnlyForDeploymentPostprocessing = 0;
			shellPath = /bin/sh;
			shellScript = "diff \"${PODS_PODFILE_DIR_PATH}/Podfile.lock\" \"${PODS_ROOT}/Manifest.lock\" > /dev/null\nif [ $? != 0 ] ; then\n    # print error to STDERR\n    echo \"error: The sandbox is not in sync with the Podfile.lock. Run 'pod install' or update your CocoaPods installation.\" >&2\n    exit 1\nfi\n# This output is used by Xcode 'outputs' to avoid re-running this script phase.\necho \"SUCCESS\" > \"${SCRIPT_OUTPUT_FILE_0}\"\n";
			showEnvVarsInLog = 0;
		};
/* End PBXShellScriptBuildPhase section */

/* Begin PBXSourcesBuildPhase section */
		18E1CBE8235B6E7000FFCAF1 /* Sources */ = {
			isa = PBXSourcesBuildPhase;
			buildActionMask = 2147483647;
			files = (
				18E1CCEF235B6F4D00FFCAF1 /* UIImage+Additions.swift in Sources */,
				18E1CCF2235B6F4D00FFCAF1 /* FAImageCell.swift in Sources */,
				18A4880C24588F80006F8AF3 /* UIViewExtensions.swift in Sources */,
				18E1CD09235B704E00FFCAF1 /* UIView+Extensions.swift in Sources */,
				18E1CCF0235B6F4D00FFCAF1 /* FADetailVC.swift in Sources */,
				18E1CD7C235B748700FFCAF1 /* UIImage+Extension.m in Sources */,
				18E1CD08235B704E00FFCAF1 /* Level.m in Sources */,
				18E1CD12235B704E00FFCAF1 /* CellLabel.m in Sources */,
				18E1CD79235B73EE00FFCAF1 /* UIView+Glow.m in Sources */,
				18E1CD54235B70DC00FFCAF1 /* AudioPlayer.swift in Sources */,
				18E1CDC4235B79A200FFCAF1 /* TTSegmentedControl.swift in Sources */,
				51C2DEC5260DD93100AD8F1D /* NSArray+select.m in Sources */,
				51C2DEB7260DD76700AD8F1D /* BaseSwiftViewController.swift in Sources */,
				18E1CDB6235B78BE00FFCAF1 /* CHIBasePageControl.swift in Sources */,
				51C2DEAD260DD5F300AD8F1D /* BaseViewController.m in Sources */,
				18A4880D24588F80006F8AF3 /* UIColorExtensions.swift in Sources */,
				18E1CDB9235B78BE00FFCAF1 /* CHIPageControlJalapeno.swift in Sources */,
				18E1CD13235B704E00FFCAF1 /* Cell.m in Sources */,
				18E1CDBF235B78BE00FFCAF1 /* CHIPageControlFresno.swift in Sources */,
				18E1CDBC235B78BE00FFCAF1 /* CHIPageControlChimayo.swift in Sources */,
				18E1CD0F235B704E00FFCAF1 /* Theme.m in Sources */,
				18E1CDB7235B78BE00FFCAF1 /* CHIPageControllable.swift in Sources */,
				18E1CD10235B704E00FFCAF1 /* PackTableViewCell.swift in Sources */,
				18E1CD14235B704E00FFCAF1 /* SubPackTableViewCell.swift in Sources */,
				18E1CCF3235B6F4D00FFCAF1 /* FAScrollView.swift in Sources */,
				18E1CC13235B6EEA00FFCAF1 /* UINavigationController+Fade.m in Sources */,
				18E1CD55235B70DC00FFCAF1 /* UIImage+Gif.swift in Sources */,
				18E1CD74235B715400FFCAF1 /* Extensions.swift in Sources */,
				18E1CD0A235B704E00FFCAF1 /* CellImage.m in Sources */,
				180885B6241908F80032C953 /* Constant.swift in Sources */,
				18E1CCEE235B6F4D00FFCAF1 /* FAImageLoader.swift in Sources */,
				18E1CBF0235B6E7000FFCAF1 /* AppDelegate.swift in Sources */,
				51C2DEBD260DD8E900AD8F1D /* NSArray+transpose.m in Sources */,
				18E1CD75235B715400FFCAF1 /* ImageGenerator.swift in Sources */,
				51C2DEC9260DD93C00AD8F1D /* NSArray+max.m in Sources */,
				18E1CDBA235B78BE00FFCAF1 /* CHIPageControlAleppo.swift in Sources */,
				18E1CD73235B715400FFCAF1 /* Config.swift in Sources */,
				18E1CD50235B70C500FFCAF1 /* HomeViewController.swift in Sources */,
				18E1CDBB235B78BE00FFCAF1 /* CHIPageControlJaloro.swift in Sources */,
				18E1CD85235B754400FFCAF1 /* CCColorCube.m in Sources */,
				18E1CD84235B754400FFCAF1 /* CCLocalMaximum.m in Sources */,
				18E1CD46235B70C500FFCAF1 /* PicCrossLevelSelectViewController.swift in Sources */,
				18E1CCF4235B6F4D00FFCAF1 /* FAImageCropperVC.swift in Sources */,
				18AE2C2A235C610E00D169E9 /* ChooseGameTypeViewController.swift in Sources */,
				18E1CDB8235B78BE00FFCAF1 /* CHILayer.swift in Sources */,
				51C2DEC1260DD91000AD8F1D /* NSArray+each.m in Sources */,
				18A4880924588F80006F8AF3 /* FSImageCropView.swift in Sources */,
				18E1CD4F235B70C500FFCAF1 /* PicCrossStageViewController.swift in Sources */,
				51C2DEB3260DD6C500AD8F1D /* MBProgressHUD.m in Sources */,
				18E1CDC0235B78BE00FFCAF1 /* CHIPageControlAji.swift in Sources */,
				18E1CD63235B70FC00FFCAF1 /* ViewController.m in Sources */,
				18E1CDBE235B78BE00FFCAF1 /* CHIPageControlPaprika.swift in Sources */,
				18E1CDA7235B789C00FFCAF1 /* AZDialogViewController.swift in Sources */,
				18E1CDBD235B78BE00FFCAF1 /* CHIPageControlPuya.swift in Sources */,
				18E1CD72235B715400FFCAF1 /* Cheers.swift in Sources */,
				51C2DED4260DDAE900AD8F1D /* YOLO.m in Sources */,
				18E1CD0D235B704E00FFCAF1 /* PuzzleCollectionViewCell.swift in Sources */,
			);
			runOnlyForDeploymentPostprocessing = 0;
		};
/* End PBXSourcesBuildPhase section */

/* Begin PBXVariantGroup section */
		18E1CBF8235B6E7100FFCAF1 /* LaunchScreen.storyboard */ = {
			isa = PBXVariantGroup;
			children = (
				18E1CBF9235B6E7100FFCAF1 /* Base */,
			);
			name = LaunchScreen.storyboard;
			sourceTree = "<group>";
		};
/* End PBXVariantGroup section */

/* Begin XCBuildConfiguration section */
		18E1CBFC235B6E7100FFCAF1 /* Debug */ = {
			isa = XCBuildConfiguration;
			buildSettings = {
				ALWAYS_SEARCH_USER_PATHS = NO;
				CLANG_ANALYZER_NONNULL = YES;
				CLANG_ANALYZER_NUMBER_OBJECT_CONVERSION = YES_AGGRESSIVE;
				CLANG_CXX_LANGUAGE_STANDARD = "gnu++14";
				CLANG_CXX_LIBRARY = "libc++";
				CLANG_ENABLE_MODULES = YES;
				CLANG_ENABLE_OBJC_ARC = YES;
				CLANG_ENABLE_OBJC_WEAK = YES;
				CLANG_WARN_BLOCK_CAPTURE_AUTORELEASING = YES;
				CLANG_WARN_BOOL_CONVERSION = YES;
				CLANG_WARN_COMMA = YES;
				CLANG_WARN_CONSTANT_CONVERSION = YES;
				CLANG_WARN_DEPRECATED_OBJC_IMPLEMENTATIONS = YES;
				CLANG_WARN_DIRECT_OBJC_ISA_USAGE = YES_ERROR;
				CLANG_WARN_DOCUMENTATION_COMMENTS = YES;
				CLANG_WARN_EMPTY_BODY = YES;
				CLANG_WARN_ENUM_CONVERSION = YES;
				CLANG_WARN_INFINITE_RECURSION = YES;
				CLANG_WARN_INT_CONVERSION = YES;
				CLANG_WARN_NON_LITERAL_NULL_CONVERSION = YES;
				CLANG_WARN_OBJC_IMPLICIT_RETAIN_SELF = YES;
				CLANG_WARN_OBJC_LITERAL_CONVERSION = YES;
				CLANG_WARN_OBJC_ROOT_CLASS = YES_ERROR;
				CLANG_WARN_RANGE_LOOP_ANALYSIS = YES;
				CLANG_WARN_STRICT_PROTOTYPES = YES;
				CLANG_WARN_SUSPICIOUS_MOVE = YES;
				CLANG_WARN_UNGUARDED_AVAILABILITY = YES_AGGRESSIVE;
				CLANG_WARN_UNREACHABLE_CODE = YES;
				CLANG_WARN__DUPLICATE_METHOD_MATCH = YES;
				CODE_SIGN_IDENTITY = "iPhone Developer";
				COPY_PHASE_STRIP = NO;
				DEBUG_INFORMATION_FORMAT = dwarf;
				ENABLE_STRICT_OBJC_MSGSEND = YES;
				ENABLE_TESTABILITY = YES;
				GCC_C_LANGUAGE_STANDARD = gnu11;
				GCC_DYNAMIC_NO_PIC = NO;
				GCC_NO_COMMON_BLOCKS = YES;
				GCC_OPTIMIZATION_LEVEL = 0;
				GCC_PREPROCESSOR_DEFINITIONS = (
					"DEBUG=1",
					"$(inherited)",
				);
				GCC_WARN_64_TO_32_BIT_CONVERSION = YES;
				GCC_WARN_ABOUT_RETURN_TYPE = YES_ERROR;
				GCC_WARN_UNDECLARED_SELECTOR = YES;
				GCC_WARN_UNINITIALIZED_AUTOS = YES_AGGRESSIVE;
				GCC_WARN_UNUSED_FUNCTION = YES;
				GCC_WARN_UNUSED_VARIABLE = YES;
				IPHONEOS_DEPLOYMENT_TARGET = 11.0;
				MTL_ENABLE_DEBUG_INFO = INCLUDE_SOURCE;
				MTL_FAST_MATH = YES;
				ONLY_ACTIVE_ARCH = YES;
				SDKROOT = iphoneos;
				SWIFT_ACTIVE_COMPILATION_CONDITIONS = DEBUG;
				SWIFT_OPTIMIZATION_LEVEL = "-Onone";
			};
			name = Debug;
		};
		18E1CBFD235B6E7100FFCAF1 /* Release */ = {
			isa = XCBuildConfiguration;
			buildSettings = {
				ALWAYS_SEARCH_USER_PATHS = NO;
				CLANG_ANALYZER_NONNULL = YES;
				CLANG_ANALYZER_NUMBER_OBJECT_CONVERSION = YES_AGGRESSIVE;
				CLANG_CXX_LANGUAGE_STANDARD = "gnu++14";
				CLANG_CXX_LIBRARY = "libc++";
				CLANG_ENABLE_MODULES = YES;
				CLANG_ENABLE_OBJC_ARC = YES;
				CLANG_ENABLE_OBJC_WEAK = YES;
				CLANG_WARN_BLOCK_CAPTURE_AUTORELEASING = YES;
				CLANG_WARN_BOOL_CONVERSION = YES;
				CLANG_WARN_COMMA = YES;
				CLANG_WARN_CONSTANT_CONVERSION = YES;
				CLANG_WARN_DEPRECATED_OBJC_IMPLEMENTATIONS = YES;
				CLANG_WARN_DIRECT_OBJC_ISA_USAGE = YES_ERROR;
				CLANG_WARN_DOCUMENTATION_COMMENTS = YES;
				CLANG_WARN_EMPTY_BODY = YES;
				CLANG_WARN_ENUM_CONVERSION = YES;
				CLANG_WARN_INFINITE_RECURSION = YES;
				CLANG_WARN_INT_CONVERSION = YES;
				CLANG_WARN_NON_LITERAL_NULL_CONVERSION = YES;
				CLANG_WARN_OBJC_IMPLICIT_RETAIN_SELF = YES;
				CLANG_WARN_OBJC_LITERAL_CONVERSION = YES;
				CLANG_WARN_OBJC_ROOT_CLASS = YES_ERROR;
				CLANG_WARN_RANGE_LOOP_ANALYSIS = YES;
				CLANG_WARN_STRICT_PROTOTYPES = YES;
				CLANG_WARN_SUSPICIOUS_MOVE = YES;
				CLANG_WARN_UNGUARDED_AVAILABILITY = YES_AGGRESSIVE;
				CLANG_WARN_UNREACHABLE_CODE = YES;
				CLANG_WARN__DUPLICATE_METHOD_MATCH = YES;
				CODE_SIGN_IDENTITY = "iPhone Developer";
				COPY_PHASE_STRIP = NO;
				DEBUG_INFORMATION_FORMAT = "dwarf-with-dsym";
				ENABLE_NS_ASSERTIONS = NO;
				ENABLE_STRICT_OBJC_MSGSEND = YES;
				GCC_C_LANGUAGE_STANDARD = gnu11;
				GCC_NO_COMMON_BLOCKS = YES;
				GCC_WARN_64_TO_32_BIT_CONVERSION = YES;
				GCC_WARN_ABOUT_RETURN_TYPE = YES_ERROR;
				GCC_WARN_UNDECLARED_SELECTOR = YES;
				GCC_WARN_UNINITIALIZED_AUTOS = YES_AGGRESSIVE;
				GCC_WARN_UNUSED_FUNCTION = YES;
				GCC_WARN_UNUSED_VARIABLE = YES;
				IPHONEOS_DEPLOYMENT_TARGET = 11.0;
				MTL_ENABLE_DEBUG_INFO = NO;
				MTL_FAST_MATH = YES;
				SDKROOT = iphoneos;
				SWIFT_COMPILATION_MODE = wholemodule;
				SWIFT_OPTIMIZATION_LEVEL = "-O";
				VALIDATE_PRODUCT = YES;
			};
			name = Release;
		};
		18E1CBFF235B6E7100FFCAF1 /* Debug */ = {
			isa = XCBuildConfiguration;
			baseConfigurationReference = 96D192BA825ECEC8C3FC8BC1 /* Pods-BoXoB.debug.xcconfig */;
			buildSettings = {
				ASSETCATALOG_COMPILER_APPICON_NAME = AppIcon;
				CLANG_ENABLE_MODULES = YES;
				CLANG_ENABLE_OBJC_ARC = YES;
				CODE_SIGN_ENTITLEMENTS = "BoXoB/Riddles & Brain Teasers Puzzle.entitlements";
				CODE_SIGN_STYLE = Automatic;
				CURRENT_PROJECT_VERSION = 1.0.0;
				DEFINES_MODULE = YES;
				DEVELOPMENT_TEAM = W6JZBN985Y;
				INFOPLIST_FILE = BoXoB/Info.plist;
				IPHONEOS_DEPLOYMENT_TARGET = 11.0;
				LD_RUNPATH_SEARCH_PATHS = (
					"$(inherited)",
					"@executable_path/Frameworks",
				);
				MARKETING_VERSION = 1.0.1;
				PRODUCT_BUNDLE_IDENTIFIER = ImagePuzzle;
				PRODUCT_MODULE_NAME = BoXoB;
				PRODUCT_NAME = "Riddles & Brain Teasers Puzzle";
				SWIFT_OBJC_BRIDGING_HEADER = "BoXoB/BoXoB-Bridging-Header.h";
				SWIFT_OPTIMIZATION_LEVEL = "-Onone";
				SWIFT_VERSION = 5.0;
				TARGETED_DEVICE_FAMILY = 1;
			};
			name = Debug;
		};
		18E1CC00235B6E7100FFCAF1 /* Release */ = {
			isa = XCBuildConfiguration;
			baseConfigurationReference = 436A4F43B65C9D34648BC142 /* Pods-BoXoB.release.xcconfig */;
			buildSettings = {
				ASSETCATALOG_COMPILER_APPICON_NAME = AppIcon;
				CLANG_ENABLE_MODULES = YES;
				CLANG_ENABLE_OBJC_ARC = YES;
				CODE_SIGN_ENTITLEMENTS = "BoXoB/Riddles & Brain Teasers Puzzle.entitlements";
				CODE_SIGN_STYLE = Automatic;
				CURRENT_PROJECT_VERSION = 1.0.0;
				DEFINES_MODULE = YES;
				DEVELOPMENT_TEAM = W6JZBN985Y;
				INFOPLIST_FILE = BoXoB/Info.plist;
				IPHONEOS_DEPLOYMENT_TARGET = 11.0;
				LD_RUNPATH_SEARCH_PATHS = (
					"$(inherited)",
					"@executable_path/Frameworks",
				);
				MARKETING_VERSION = 1.0.1;
				PRODUCT_BUNDLE_IDENTIFIER = ImagePuzzle;
				PRODUCT_MODULE_NAME = BoXoB;
				PRODUCT_NAME = "Riddles & Brain Teasers Puzzle";
				SWIFT_OBJC_BRIDGING_HEADER = "BoXoB/BoXoB-Bridging-Header.h";
				SWIFT_VERSION = 5.0;
				TARGETED_DEVICE_FAMILY = 1;
			};
			name = Release;
		};
/* End XCBuildConfiguration section */

/* Begin XCConfigurationList section */
		18E1CBE7235B6E7000FFCAF1 /* Build configuration list for PBXProject "BoXoB" */ = {
			isa = XCConfigurationList;
			buildConfigurations = (
				18E1CBFC235B6E7100FFCAF1 /* Debug */,
				18E1CBFD235B6E7100FFCAF1 /* Release */,
			);
			defaultConfigurationIsVisible = 0;
			defaultConfigurationName = Release;
		};
		18E1CBFE235B6E7100FFCAF1 /* Build configuration list for PBXNativeTarget "BoXoB" */ = {
			isa = XCConfigurationList;
			buildConfigurations = (
				18E1CBFF235B6E7100FFCAF1 /* Debug */,
				18E1CC00235B6E7100FFCAF1 /* Release */,
			);
			defaultConfigurationIsVisible = 0;
			defaultConfigurationName = Release;
		};
/* End XCConfigurationList section */

/* Begin XCRemoteSwiftPackageReference section */
		51C2DE8F260DD3F000AD8F1D /* XCRemoteSwiftPackageReference "facebook-ios-sdk" */ = {
			isa = XCRemoteSwiftPackageReference;
			repositoryURL = "https://github.com/facebook/facebook-ios-sdk";
			requirement = {
				kind = upToNextMajorVersion;
				minimumVersion = 9.1.0;
			};
		};
/* End XCRemoteSwiftPackageReference section */

/* Begin XCSwiftPackageProductDependency section */
		51C2DE90260DD3F000AD8F1D /* FacebookCore */ = {
			isa = XCSwiftPackageProductDependency;
			package = 51C2DE8F260DD3F000AD8F1D /* XCRemoteSwiftPackageReference "facebook-ios-sdk" */;
			productName = FacebookCore;
		};
		51C2DE92260DD3F000AD8F1D /* FacebookShare */ = {
			isa = XCSwiftPackageProductDependency;
			package = 51C2DE8F260DD3F000AD8F1D /* XCRemoteSwiftPackageReference "facebook-ios-sdk" */;
			productName = FacebookShare;
		};
/* End XCSwiftPackageProductDependency section */
	};
	rootObject = 18E1CBE4235B6E7000FFCAF1 /* Project object */;
}
